github.com/jon-codes/getopt v0.2.1 h1:z4GR9UnZtZxfwpECYwDgwIzJ96PZDPK/2QhcpQQrUkc=
github.com/jon-codes/getopt v0.2.1/go.mod h1:ZdmM0SQaDC6biqEH/4HMSHdWAVJmX1tP62lrWVwH+p8=
pgregory.net/rapid v1.1.0 h1:CMa0sjHSru3puNx+J0MIAuiiEV4N0qj8/cMWGBBCsjw=
pgregory.net/rapid v1.1.0/go.mod h1:PY5XlDGj0+V1FCq0o192FdRhpKHGTRIWBgqjDBTrq04=
